
Microsoft Visual Studio Solution File, Format Version 12.00
# Visual Studio Version 16
VisualStudioVersion = 16.0.29519.181
MinimumVisualStudioVersion = 10.0.40219.1
Project("{FAE04EC0-301F-11D3-BF4B-00C04F79EFBC}") = "Faker", "Faker\Faker.csproj", "{27F35C10-BDB7-4D17-A39A-F611747EF7A6}"
EndProject
Project("{FAE04EC0-301F-11D3-BF4B-00C04F79EFBC}") = "FakerTests", "FakerTests\FakerTests.csproj", "{485F66A3-40AB-45FF-9CC2-483DE9AEB2C0}"
EndProject
Global
	GlobalSection(SolutionConfigurationPlatforms) = preSolution
		Debug|Any CPU = Debug|Any CPU
		Release|Any CPU = Release|Any CPU
	EndGlobalSection
	GlobalSection(ProjectConfigurationPlatforms) = postSolution
		{27F35C10-BDB7-4D17-A39A-F611747EF7A6}.Debug|Any CPU.ActiveCfg = Debug|Any CPU
		{27F35C10-BDB7-4D17-A39A-F611747EF7A6}.Debug|Any CPU.Build.0 = Debug|Any CPU
		{27F35C10-BDB7-4D17-A39A-F611747EF7A6}.Release|Any CPU.ActiveCfg = Release|Any CPU
		{27F35C10-BDB7-4D17-A39A-F611747EF7A6}.Release|Any CPU.Build.0 = Release|Any CPU
		{485F66A3-40AB-45FF-9CC2-483DE9AEB2C0}.Debug|Any CPU.ActiveCfg = Debug|Any CPU
		{485F66A3-40AB-45FF-9CC2-483DE9AEB2C0}.Debug|Any CPU.Build.0 = Debug|Any CPU
		{485F66A3-40AB-45FF-9CC2-483DE9AEB2C0}.Release|Any CPU.ActiveCfg = Release|Any CPU
		{485F66A3-40AB-45FF-9CC2-483DE9AEB2C0}.Release|Any CPU.Build.0 = Release|Any CPU
	EndGlobalSection
	GlobalSection(SolutionProperties) = preSolution
		HideSolutionNode = FALSE
	EndGlobalSection
	GlobalSection(ExtensibilityGlobals) = postSolution
		SolutionGuid = {4F3F7286-24CB-4B92-AC42-DABC6394A163}
	EndGlobalSection
EndGlobal
